{
  "pins" : [
    {
      "identity" : "color",
      "kind" : "remoteSourceControl",
      "location" : "https://github.com/kudit/Color",
      "state" : {
        "revision" : "08e95831284cee277c7cd1171ea4ae423d405e09",
        "version" : "1.3.2"
      }
    },
    {
      "identity" : "compatibility",
      "kind" : "remoteSourceControl",
      "location" : "https://github.com/kudit/Compatibility",
      "state" : {
        "revision" : "ec2330ddce1179e418ac0d35de5c906f9a909e91",
        "version" : "1.6.4"
      }
    }
  ],
  "version" : 2
}
