{
  "pins" : [
    {
      "identity" : "color",
      "kind" : "remoteSourceControl",
      "location" : "https://github.com/kudit/Color",
      "state" : {
        "revision" : "9b9bfd0a78c66ce687c7430a3a488011f2c9dac4",
        "version" : "1.3.3"
      }
    },
    {
      "identity" : "compatibility",
      "kind" : "remoteSourceControl",
      "location" : "https://github.com/kudit/Compatibility",
      "state" : {
        "revision" : "ab4b04eead8c48416beb0d54a9e5bc10b3b037d4",
        "version" : "1.10.1"
      }
    }
  ],
  "version" : 2
}
