{
  "pins" : [
    {
      "identity" : "color",
      "kind" : "remoteSourceControl",
      "location" : "https://github.com/kudit/Color",
      "state" : {
        "revision" : "493c11d55754a410f4d825ca61313c20c93b6182",
        "version" : "1.1.2"
      }
    },
    {
      "identity" : "compatibility",
      "kind" : "remoteSourceControl",
      "location" : "https://github.com/kudit/Compatibility",
      "state" : {
        "revision" : "a1a59ff636e7b8b3cdf77aff65d7f694fabd5f17",
        "version" : "1.3.6"
      }
    }
  ],
  "version" : 2
}
