// !$*UTF8*$!
{
	archiveVersion = 1;
	classes = {
	};
	objectVersion = 56;
	objects = {

/* Begin PBXBuildFile section */
		B539FA8A2DBD83060017BE25 /* AppleDeviceConversion.swift in Sources */ = {isa = PBXBuildFile; fileRef = B539FA832DBD83060017BE25 /* AppleDeviceConversion.swift */; };
		B539FA8B2DBD83060017BE25 /* IdentifyModelParsing.swift in Sources */ = {isa = PBXBuildFile; fileRef = B539FA872DBD83060017BE25 /* IdentifyModelParsing.swift */; };
		B539FA8C2DBD83060017BE25 /* DeviceKitConversion.swift in Sources */ = {isa = PBXBuildFile; fileRef = B539FA852DBD83060017BE25 /* DeviceKitConversion.swift */; };
		B539FA8E2DBD83060017BE25 /* AppleDeviceConversion.swift in Sources */ = {isa = PBXBuildFile; fileRef = B539FA832DBD83060017BE25 /* AppleDeviceConversion.swift */; };
		B539FA8F2DBD83060017BE25 /* IdentifyModelParsing.swift in Sources */ = {isa = PBXBuildFile; fileRef = B539FA872DBD83060017BE25 /* IdentifyModelParsing.swift */; };
		B539FA902DBD83060017BE25 /* DeviceKitConversion.swift in Sources */ = {isa = PBXBuildFile; fileRef = B539FA852DBD83060017BE25 /* DeviceKitConversion.swift */; };
		B539FA9A2DBD836D0017BE25 /* Definable.swift in Sources */ = {isa = PBXBuildFile; fileRef = B539FA962DBD836D0017BE25 /* Definable.swift */; };
		B539FA9B2DBD836D0017BE25 /* DiffView.swift in Sources */ = {isa = PBXBuildFile; fileRef = B539FA972DBD836D0017BE25 /* DiffView.swift */; };
		B539FA9D2DBD836D0017BE25 /* Definable.swift in Sources */ = {isa = PBXBuildFile; fileRef = B539FA962DBD836D0017BE25 /* Definable.swift */; };
		B539FA9E2DBD836D0017BE25 /* DiffView.swift in Sources */ = {isa = PBXBuildFile; fileRef = B539FA972DBD836D0017BE25 /* DiffView.swift */; };
		B539FAA32DBD8A550017BE25 /* DeviceDefinable.swift in Sources */ = {isa = PBXBuildFile; fileRef = B539FAA22DBD8A550017BE25 /* DeviceDefinable.swift */; };
		B539FAA42DBD8A550017BE25 /* DeviceDefinable.swift in Sources */ = {isa = PBXBuildFile; fileRef = B539FAA22DBD8A550017BE25 /* DeviceDefinable.swift */; };
		B539FAA92DBDDDD60017BE25 /* Diffable.swift in Sources */ = {isa = PBXBuildFile; fileRef = B539FAA82DBDDDCE0017BE25 /* Diffable.swift */; };
		B539FAAA2DBDDDD60017BE25 /* Diffable.swift in Sources */ = {isa = PBXBuildFile; fileRef = B539FAA82DBDDDCE0017BE25 /* Diffable.swift */; };
		B539FAAF2DBDF9580017BE25 /* DeviceBridge.swift in Sources */ = {isa = PBXBuildFile; fileRef = B539FAAE2DBDF9550017BE25 /* DeviceBridge.swift */; };
		B539FAB02DBDF9580017BE25 /* DeviceBridge.swift in Sources */ = {isa = PBXBuildFile; fileRef = B539FAAE2DBDF9550017BE25 /* DeviceBridge.swift */; };
		B539FAB52DBEA10C0017BE25 /* MigrationViews.swift in Sources */ = {isa = PBXBuildFile; fileRef = B539FAB42DBEA1010017BE25 /* MigrationViews.swift */; };
		B539FAB62DBEA10C0017BE25 /* MigrationViews.swift in Sources */ = {isa = PBXBuildFile; fileRef = B539FAB42DBEA1010017BE25 /* MigrationViews.swift */; };
		B539FABE2DC13D650017BE25 /* MobileDeviceConversion.swift in Sources */ = {isa = PBXBuildFile; fileRef = B539FABD2DC13D570017BE25 /* MobileDeviceConversion.swift */; };
		B539FABF2DC13D650017BE25 /* MobileDeviceConversion.swift in Sources */ = {isa = PBXBuildFile; fileRef = B539FABD2DC13D570017BE25 /* MobileDeviceConversion.swift */; };
		B56925372E8714810045FFC6 /* Assets.xcassets in Resources */ = {isa = PBXBuildFile; fileRef = B58985FA2BAB99C3002B8E05 /* Assets.xcassets */; };
		B576090B2E7CE43F00216336 /* ThreeWayDiffView.swift in Sources */ = {isa = PBXBuildFile; fileRef = B576090A2E7CE43700216336 /* ThreeWayDiffView.swift */; };
		B576090C2E7CE43F00216336 /* ThreeWayDiffView.swift in Sources */ = {isa = PBXBuildFile; fileRef = B576090A2E7CE43700216336 /* ThreeWayDiffView.swift */; };
		B58B62B52C23ECB40046E91C /* Device Library in Frameworks */ = {isa = PBXBuildFile; productRef = B58B62B42C23ECB40046E91C /* Device Library */; };
		B58B62B62C23ECEF0046E91C /* DeviceTestView.swift in Sources */ = {isa = PBXBuildFile; fileRef = B52ED1D12BAB7F7400056A62 /* DeviceTestView.swift */; };
		B58B62B72C23ECF00046E91C /* DeviceTestView.swift in Sources */ = {isa = PBXBuildFile; fileRef = B52ED1D12BAB7F7400056A62 /* DeviceTestView.swift */; };
		B58B7EAC2E74900E00327E78 /* MacLookupConversion.swift in Sources */ = {isa = PBXBuildFile; fileRef = B58B7EAB2E74900900327E78 /* MacLookupConversion.swift */; };
		B58B7EAD2E74900E00327E78 /* MacLookupConversion.swift in Sources */ = {isa = PBXBuildFile; fileRef = B58B7EAB2E74900900327E78 /* MacLookupConversion.swift */; };
		B5B1A22A2C23EF14002C848D /* Device Library in Frameworks */ = {isa = PBXBuildFile; productRef = B5B1A2292C23EF14002C848D /* Device Library */; };
		B5CCE9CB2BC94D8D005CC2D2 /* DeviceTestApp.swift in Sources */ = {isa = PBXBuildFile; fileRef = B52ED1D02BAB7F7400056A62 /* DeviceTestApp.swift */; };
		B5CCE9CC2BC94D93005CC2D2 /* Assets.xcassets in Resources */ = {isa = PBXBuildFile; fileRef = B58985FA2BAB99C3002B8E05 /* Assets.xcassets */; };
		B5CCE9D02BC94DB6005CC2D2 /* DeviceUITests.swift in Sources */ = {isa = PBXBuildFile; fileRef = B5CCE9CE2BC94DB6005CC2D2 /* DeviceUITests.swift */; };
		B5CCE9D12BC94DBD005CC2D2 /* DeviceTests.swift in Sources */ = {isa = PBXBuildFile; fileRef = B52ED1D62BAB7F7400056A62 /* DeviceTests.swift */; };
		B5F034122BABB4AC00CA6396 /* DeviceTestApp.swift in Sources */ = {isa = PBXBuildFile; fileRef = B52ED1D02BAB7F7400056A62 /* DeviceTestApp.swift */; };
/* End PBXBuildFile section */

/* Begin PBXContainerItemProxy section */
		B5DD79C42BC94C8A00457681 /* PBXContainerItemProxy */ = {
			isa = PBXContainerItemProxy;
			containerPortal = B5C1B6152BAB7997001D5CFA /* Project object */;
			proxyType = 1;
			remoteGlobalIDString = B5DD79B22BC94C8800457681;
			remoteInfo = DeviceTest;
		};
		B5DD79CE2BC94C8A00457681 /* PBXContainerItemProxy */ = {
			isa = PBXContainerItemProxy;
			containerPortal = B5C1B6152BAB7997001D5CFA /* Project object */;
			proxyType = 1;
			remoteGlobalIDString = B5DD79B22BC94C8800457681;
			remoteInfo = DeviceTest;
		};
/* End PBXContainerItemProxy section */

/* Begin PBXCopyFilesBuildPhase section */
		B5EB67FD2BC1F3FD005DAB8C /* Embed Frameworks */ = {
			isa = PBXCopyFilesBuildPhase;
			buildActionMask = 2147483647;
			dstPath = "";
			dstSubfolderSpec = 10;
			files = (
			);
			name = "Embed Frameworks";
			runOnlyForDeploymentPostprocessing = 0;
		};
/* End PBXCopyFilesBuildPhase section */

/* Begin PBXFileReference section */
		B52ED1D02BAB7F7400056A62 /* DeviceTestApp.swift */ = {isa = PBXFileReference; fileEncoding = 4; lastKnownFileType = sourcecode.swift; path = DeviceTestApp.swift; sourceTree = "<group>"; };
		B52ED1D12BAB7F7400056A62 /* DeviceTestView.swift */ = {isa = PBXFileReference; fileEncoding = 4; lastKnownFileType = sourcecode.swift; path = DeviceTestView.swift; sourceTree = "<group>"; };
		B52ED1D52BAB7F7400056A62 /* Package.swift */ = {isa = PBXFileReference; fileEncoding = 4; lastKnownFileType = sourcecode.swift; name = Package.swift; path = ../Package.swift; sourceTree = "<group>"; };
		B52ED1D62BAB7F7400056A62 /* DeviceTests.swift */ = {isa = PBXFileReference; fileEncoding = 4; lastKnownFileType = sourcecode.swift; path = DeviceTests.swift; sourceTree = "<group>"; };
		B52ED1D82BAB7F7400056A62 /* README.md */ = {isa = PBXFileReference; fileEncoding = 4; lastKnownFileType = net.daringfireball.markdown; name = README.md; path = ../README.md; sourceTree = "<group>"; };
		B539FA832DBD83060017BE25 /* AppleDeviceConversion.swift */ = {isa = PBXFileReference; lastKnownFileType = sourcecode.swift; path = AppleDeviceConversion.swift; sourceTree = "<group>"; };
		B539FA852DBD83060017BE25 /* DeviceKitConversion.swift */ = {isa = PBXFileReference; lastKnownFileType = sourcecode.swift; path = DeviceKitConversion.swift; sourceTree = "<group>"; };
		B539FA872DBD83060017BE25 /* IdentifyModelParsing.swift */ = {isa = PBXFileReference; lastKnownFileType = sourcecode.swift; path = IdentifyModelParsing.swift; sourceTree = "<group>"; };
		B539FA932DBD832A0017BE25 /* DeviceTest-Info.plist */ = {isa = PBXFileReference; lastKnownFileType = text.plist.xml; path = "DeviceTest-Info.plist"; sourceTree = "<group>"; };
		B539FA962DBD836D0017BE25 /* Definable.swift */ = {isa = PBXFileReference; lastKnownFileType = sourcecode.swift; path = Definable.swift; sourceTree = "<group>"; };
		B539FA972DBD836D0017BE25 /* DiffView.swift */ = {isa = PBXFileReference; lastKnownFileType = sourcecode.swift; path = DiffView.swift; sourceTree = "<group>"; };
		B539FAA22DBD8A550017BE25 /* DeviceDefinable.swift */ = {isa = PBXFileReference; lastKnownFileType = sourcecode.swift; path = DeviceDefinable.swift; sourceTree = "<group>"; };
		B539FAA82DBDDDCE0017BE25 /* Diffable.swift */ = {isa = PBXFileReference; lastKnownFileType = sourcecode.swift; path = Diffable.swift; sourceTree = "<group>"; };
		B539FAAE2DBDF9550017BE25 /* DeviceBridge.swift */ = {isa = PBXFileReference; lastKnownFileType = sourcecode.swift; path = DeviceBridge.swift; sourceTree = "<group>"; };
		B539FAB42DBEA1010017BE25 /* MigrationViews.swift */ = {isa = PBXFileReference; lastKnownFileType = sourcecode.swift; path = MigrationViews.swift; sourceTree = "<group>"; };
		B539FABD2DC13D570017BE25 /* MobileDeviceConversion.swift */ = {isa = PBXFileReference; lastKnownFileType = sourcecode.swift; path = MobileDeviceConversion.swift; sourceTree = "<group>"; };
		B55DE1BB2C0E4BDE00D2192C /* .spi.yml */ = {isa = PBXFileReference; lastKnownFileType = text.yaml; name = .spi.yml; path = ../.spi.yml; sourceTree = "<group>"; };
		B56332102BC793F5006DDB84 /* LICENSE.txt */ = {isa = PBXFileReference; lastKnownFileType = text; name = LICENSE.txt; path = ../LICENSE.txt; sourceTree = "<group>"; };
		B56A31C32BC972880077FBE9 /* CHANGELOG.md */ = {isa = PBXFileReference; lastKnownFileType = net.daringfireball.markdown; name = CHANGELOG.md; path = ../CHANGELOG.md; sourceTree = "<group>"; };
		B576090A2E7CE43700216336 /* ThreeWayDiffView.swift */ = {isa = PBXFileReference; lastKnownFileType = sourcecode.swift; path = ThreeWayDiffView.swift; sourceTree = "<group>"; };
		B58985F92BAB99C3002B8E05 /* DeviceTest.entitlements */ = {isa = PBXFileReference; fileEncoding = 4; lastKnownFileType = text.plist.entitlements; path = DeviceTest.entitlements; sourceTree = "<group>"; };
		B58985FA2BAB99C3002B8E05 /* Assets.xcassets */ = {isa = PBXFileReference; lastKnownFileType = folder.assetcatalog; path = Assets.xcassets; sourceTree = "<group>"; };
		B58B62B12C23EC5C0046E91C /* Device.swiftpm */ = {isa = PBXFileReference; lastKnownFileType = wrapper; name = Device.swiftpm; path = ..; sourceTree = "<group>"; };
		B58B7EAB2E74900900327E78 /* MacLookupConversion.swift */ = {isa = PBXFileReference; lastKnownFileType = sourcecode.swift; path = MacLookupConversion.swift; sourceTree = "<group>"; };
		B598DCC92C239165000B5517 /* DeviceTest.xctestplan */ = {isa = PBXFileReference; lastKnownFileType = text; path = DeviceTest.xctestplan; sourceTree = "<group>"; };
		B5B1A2272C23EEB9002C848D /* CoreAudioTypes.framework */ = {isa = PBXFileReference; lastKnownFileType = wrapper.framework; name = CoreAudioTypes.framework; path = Platforms/AppleTVOS.platform/Developer/SDKs/AppleTVOS17.5.sdk/System/Library/Frameworks/CoreAudioTypes.framework; sourceTree = DEVELOPER_DIR; };
		B5B1A22B2C23EF14002C848D /* CoreAudioTypes.framework */ = {isa = PBXFileReference; lastKnownFileType = wrapper.framework; name = CoreAudioTypes.framework; path = Platforms/WatchOS.platform/Developer/SDKs/WatchOS10.5.sdk/System/Library/Frameworks/CoreAudioTypes.framework; sourceTree = DEVELOPER_DIR; };
		B5CCE9CE2BC94DB6005CC2D2 /* DeviceUITests.swift */ = {isa = PBXFileReference; fileEncoding = 4; lastKnownFileType = sourcecode.swift; path = DeviceUITests.swift; sourceTree = "<group>"; };
		B5DD79B32BC94C8800457681 /* Device Info.app */ = {isa = PBXFileReference; explicitFileType = wrapper.application; includeInIndex = 0; path = "Device Info.app"; sourceTree = BUILT_PRODUCTS_DIR; };
		B5DD79C32BC94C8A00457681 /* DeviceTests.xctest */ = {isa = PBXFileReference; explicitFileType = wrapper.cfbundle; includeInIndex = 0; path = DeviceTests.xctest; sourceTree = BUILT_PRODUCTS_DIR; };
		B5DD79CD2BC94C8A00457681 /* DeviceUITests.xctest */ = {isa = PBXFileReference; explicitFileType = wrapper.cfbundle; includeInIndex = 0; path = DeviceUITests.xctest; sourceTree = BUILT_PRODUCTS_DIR; };
		B5F033FF2BABA93500CA6396 /* DeviceTest Watch App.app */ = {isa = PBXFileReference; explicitFileType = wrapper.application; includeInIndex = 0; path = "DeviceTest Watch App.app"; sourceTree = BUILT_PRODUCTS_DIR; };
/* End PBXFileReference section */

/* Begin PBXFrameworksBuildPhase section */
		B5DD79B02BC94C8800457681 /* Frameworks */ = {
			isa = PBXFrameworksBuildPhase;
			buildActionMask = 2147483647;
			files = (
				B58B62B52C23ECB40046E91C /* Device Library in Frameworks */,
			);
			runOnlyForDeploymentPostprocessing = 0;
		};
		B5DD79C02BC94C8A00457681 /* Frameworks */ = {
			isa = PBXFrameworksBuildPhase;
			buildActionMask = 2147483647;
			files = (
			);
			runOnlyForDeploymentPostprocessing = 0;
		};
		B5DD79CA2BC94C8A00457681 /* Frameworks */ = {
			isa = PBXFrameworksBuildPhase;
			buildActionMask = 2147483647;
			files = (
			);
			runOnlyForDeploymentPostprocessing = 0;
		};
		B5F033FC2BABA93500CA6396 /* Frameworks */ = {
			isa = PBXFrameworksBuildPhase;
			buildActionMask = 2147483647;
			files = (
				B5B1A22A2C23EF14002C848D /* Device Library in Frameworks */,
			);
			runOnlyForDeploymentPostprocessing = 0;
		};
/* End PBXFrameworksBuildPhase section */

/* Begin PBXGroup section */
		B52ED1CC2BAB7F7400056A62 /* Resources */ = {
			isa = PBXGroup;
			children = (
				B58985FA2BAB99C3002B8E05 /* Assets.xcassets */,
				B58985F92BAB99C3002B8E05 /* DeviceTest.entitlements */,
			);
			path = Resources;
			sourceTree = "<group>";
		};
		B52ED1D22BAB7F7400056A62 /* Development */ = {
			isa = PBXGroup;
			children = (
				B539FA882DBD83060017BE25 /* Conversions */,
				B52ED1CC2BAB7F7400056A62 /* Resources */,
				B52ED1D02BAB7F7400056A62 /* DeviceTestApp.swift */,
				B52ED1D12BAB7F7400056A62 /* DeviceTestView.swift */,
				B539FAB42DBEA1010017BE25 /* MigrationViews.swift */,
				B539FA932DBD832A0017BE25 /* DeviceTest-Info.plist */,
				B539FA962DBD836D0017BE25 /* Definable.swift */,
				B539FAA22DBD8A550017BE25 /* DeviceDefinable.swift */,
				B539FAA82DBDDDCE0017BE25 /* Diffable.swift */,
				B539FA972DBD836D0017BE25 /* DiffView.swift */,
				B576090A2E7CE43700216336 /* ThreeWayDiffView.swift */,
			);
			name = Development;
			sourceTree = "<group>";
		};
		B52ED1D72BAB7F7400056A62 /* Tests */ = {
			isa = PBXGroup;
			children = (
				B598DCC92C239165000B5517 /* DeviceTest.xctestplan */,
				B5CCE9CE2BC94DB6005CC2D2 /* DeviceUITests.swift */,
				B52ED1D62BAB7F7400056A62 /* DeviceTests.swift */,
			);
			name = Tests;
			path = ../Tests;
			sourceTree = "<group>";
		};
		B539FA882DBD83060017BE25 /* Conversions */ = {
			isa = PBXGroup;
			children = (
				B539FAAE2DBDF9550017BE25 /* DeviceBridge.swift */,
				B539FA832DBD83060017BE25 /* AppleDeviceConversion.swift */,
				B539FA852DBD83060017BE25 /* DeviceKitConversion.swift */,
				B58B7EAB2E74900900327E78 /* MacLookupConversion.swift */,
				B539FABD2DC13D570017BE25 /* MobileDeviceConversion.swift */,
				B539FA872DBD83060017BE25 /* IdentifyModelParsing.swift */,
			);
			path = Conversions;
			sourceTree = "<group>";
		};
		B5C1B6142BAB7997001D5CFA = {
			isa = PBXGroup;
			children = (
				B56A31C32BC972880077FBE9 /* CHANGELOG.md */,
				B52ED1D82BAB7F7400056A62 /* README.md */,
				B56332102BC793F5006DDB84 /* LICENSE.txt */,
				B52ED1D52BAB7F7400056A62 /* Package.swift */,
				B52ED1D22BAB7F7400056A62 /* Development */,
				B58B62B12C23EC5C0046E91C /* Device.swiftpm */,
				B55DE1BB2C0E4BDE00D2192C /* .spi.yml */,
				B52ED1D72BAB7F7400056A62 /* Tests */,
				B5C1B61E2BAB7997001D5CFA /* Products */,
				B5EB67F32BC1F3EB005DAB8C /* Frameworks */,
			);
			sourceTree = "<group>";
		};
		B5C1B61E2BAB7997001D5CFA /* Products */ = {
			isa = PBXGroup;
			children = (
				B5F033FF2BABA93500CA6396 /* DeviceTest Watch App.app */,
				B5DD79B32BC94C8800457681 /* Device Info.app */,
				B5DD79C32BC94C8A00457681 /* DeviceTests.xctest */,
				B5DD79CD2BC94C8A00457681 /* DeviceUITests.xctest */,
			);
			name = Products;
			sourceTree = "<group>";
		};
		B5EB67F32BC1F3EB005DAB8C /* Frameworks */ = {
			isa = PBXGroup;
			children = (
				B5B1A22B2C23EF14002C848D /* CoreAudioTypes.framework */,
				B5B1A2272C23EEB9002C848D /* CoreAudioTypes.framework */,
			);
			name = Frameworks;
			sourceTree = "<group>";
		};
/* End PBXGroup section */

/* Begin PBXNativeTarget section */
		B5DD79B22BC94C8800457681 /* Device Info */ = {
			isa = PBXNativeTarget;
			buildConfigurationList = B5DD79D52BC94C8A00457681 /* Build configuration list for PBXNativeTarget "Device Info" */;
			buildPhases = (
				B5DD79AF2BC94C8800457681 /* Sources */,
				B5DD79B02BC94C8800457681 /* Frameworks */,
				B5DD79B12BC94C8800457681 /* Resources */,
			);
			buildRules = (
			);
			dependencies = (
			);
			name = "Device Info";
			packageProductDependencies = (
				B58B62B42C23ECB40046E91C /* Device Library */,
			);
			productName = DeviceTest;
			productReference = B5DD79B32BC94C8800457681 /* Device Info.app */;
			productType = "com.apple.product-type.application";
		};
		B5DD79C22BC94C8A00457681 /* DeviceTests */ = {
			isa = PBXNativeTarget;
			buildConfigurationList = B5DD79D82BC94C8A00457681 /* Build configuration list for PBXNativeTarget "DeviceTests" */;
			buildPhases = (
				B5DD79BF2BC94C8A00457681 /* Sources */,
				B5DD79C02BC94C8A00457681 /* Frameworks */,
				B5DD79C12BC94C8A00457681 /* Resources */,
			);
			buildRules = (
			);
			dependencies = (
				B5DD79C52BC94C8A00457681 /* PBXTargetDependency */,
			);
			name = DeviceTests;
			productName = DeviceTestTests;
			productReference = B5DD79C32BC94C8A00457681 /* DeviceTests.xctest */;
			productType = "com.apple.product-type.bundle.unit-test";
		};
		B5DD79CC2BC94C8A00457681 /* DeviceUITests */ = {
			isa = PBXNativeTarget;
			buildConfigurationList = B5DD79DB2BC94C8A00457681 /* Build configuration list for PBXNativeTarget "DeviceUITests" */;
			buildPhases = (
				B5DD79C92BC94C8A00457681 /* Sources */,
				B5DD79CA2BC94C8A00457681 /* Frameworks */,
				B5DD79CB2BC94C8A00457681 /* Resources */,
			);
			buildRules = (
			);
			dependencies = (
				B5DD79CF2BC94C8A00457681 /* PBXTargetDependency */,
			);
			name = DeviceUITests;
			productName = DeviceTestUITests;
			productReference = B5DD79CD2BC94C8A00457681 /* DeviceUITests.xctest */;
			productType = "com.apple.product-type.bundle.ui-testing";
		};
		B5F033FE2BABA93500CA6396 /* DeviceTest Watch App */ = {
			isa = PBXNativeTarget;
			buildConfigurationList = B5F034102BABA93700CA6396 /* Build configuration list for PBXNativeTarget "DeviceTest Watch App" */;
			buildPhases = (
				B5F033FB2BABA93500CA6396 /* Sources */,
				B5F033FC2BABA93500CA6396 /* Frameworks */,
				B5F033FD2BABA93500CA6396 /* Resources */,
				B5EB67FD2BC1F3FD005DAB8C /* Embed Frameworks */,
			);
			buildRules = (
			);
			dependencies = (
			);
			name = "DeviceTest Watch App";
			packageProductDependencies = (
				B5B1A2292C23EF14002C848D /* Device Library */,
			);
			productName = "DeviceWatchTest Watch App";
			productReference = B5F033FF2BABA93500CA6396 /* DeviceTest Watch App.app */;
			productType = "com.apple.product-type.application";
		};
/* End PBXNativeTarget section */

/* Begin PBXProject section */
		B5C1B6152BAB7997001D5CFA /* Project object */ = {
			isa = PBXProject;
			attributes = {
				BuildIndependentTargetsInParallel = 1;
				LastSwiftUpdateCheck = 1530;
				LastUpgradeCheck = 2600;
				TargetAttributes = {
					B5DD79B22BC94C8800457681 = {
						CreatedOnToolsVersion = 15.3;
					};
					B5DD79C22BC94C8A00457681 = {
						CreatedOnToolsVersion = 15.3;
						TestTargetID = B5DD79B22BC94C8800457681;
					};
					B5DD79CC2BC94C8A00457681 = {
						CreatedOnToolsVersion = 15.3;
						LastSwiftMigration = 1530;
						TestTargetID = B5DD79B22BC94C8800457681;
					};
					B5F033FE2BABA93500CA6396 = {
						CreatedOnToolsVersion = 15.3;
					};
				};
			};
			buildConfigurationList = B5C1B6182BAB7997001D5CFA /* Build configuration list for PBXProject "Device" */;
			compatibilityVersion = "Xcode 14.0";
			developmentRegion = en;
			hasScannedForEncodings = 0;
			knownRegions = (
				en,
				Base,
			);
			mainGroup = B5C1B6142BAB7997001D5CFA;
			productRefGroup = B5C1B61E2BAB7997001D5CFA /* Products */;
			projectDirPath = "";
			projectRoot = "";
			targets = (
				B5DD79B22BC94C8800457681 /* Device Info */,
				B5F033FE2BABA93500CA6396 /* DeviceTest Watch App */,
				B5DD79C22BC94C8A00457681 /* DeviceTests */,
				B5DD79CC2BC94C8A00457681 /* DeviceUITests */,
			);
		};
/* End PBXProject section */

/* Begin PBXResourcesBuildPhase section */
		B5DD79B12BC94C8800457681 /* Resources */ = {
			isa = PBXResourcesBuildPhase;
			buildActionMask = 2147483647;
			files = (
				B5CCE9CC2BC94D93005CC2D2 /* Assets.xcassets in Resources */,
			);
			runOnlyForDeploymentPostprocessing = 0;
		};
		B5DD79C12BC94C8A00457681 /* Resources */ = {
			isa = PBXResourcesBuildPhase;
			buildActionMask = 2147483647;
			files = (
			);
			runOnlyForDeploymentPostprocessing = 0;
		};
		B5DD79CB2BC94C8A00457681 /* Resources */ = {
			isa = PBXResourcesBuildPhase;
			buildActionMask = 2147483647;
			files = (
			);
			runOnlyForDeploymentPostprocessing = 0;
		};
		B5F033FD2BABA93500CA6396 /* Resources */ = {
			isa = PBXResourcesBuildPhase;
			buildActionMask = 2147483647;
			files = (
				B56925372E8714810045FFC6 /* Assets.xcassets in Resources */,
			);
			runOnlyForDeploymentPostprocessing = 0;
		};
/* End PBXResourcesBuildPhase section */

/* Begin PBXSourcesBuildPhase section */
		B5DD79AF2BC94C8800457681 /* Sources */ = {
			isa = PBXSourcesBuildPhase;
			buildActionMask = 2147483647;
			files = (
				B539FAAA2DBDDDD60017BE25 /* Diffable.swift in Sources */,
				B58B7EAC2E74900E00327E78 /* MacLookupConversion.swift in Sources */,
				B58B62B62C23ECEF0046E91C /* DeviceTestView.swift in Sources */,
				B5CCE9CB2BC94D8D005CC2D2 /* DeviceTestApp.swift in Sources */,
				B539FA8E2DBD83060017BE25 /* AppleDeviceConversion.swift in Sources */,
				B539FA9A2DBD836D0017BE25 /* Definable.swift in Sources */,
				B539FA9B2DBD836D0017BE25 /* DiffView.swift in Sources */,
				B539FA8F2DBD83060017BE25 /* IdentifyModelParsing.swift in Sources */,
				B576090B2E7CE43F00216336 /* ThreeWayDiffView.swift in Sources */,
				B539FAAF2DBDF9580017BE25 /* DeviceBridge.swift in Sources */,
				B539FA902DBD83060017BE25 /* DeviceKitConversion.swift in Sources */,
				B539FABF2DC13D650017BE25 /* MobileDeviceConversion.swift in Sources */,
				B539FAA42DBD8A550017BE25 /* DeviceDefinable.swift in Sources */,
				B539FAB52DBEA10C0017BE25 /* MigrationViews.swift in Sources */,
			);
			runOnlyForDeploymentPostprocessing = 0;
		};
		B5DD79BF2BC94C8A00457681 /* Sources */ = {
			isa = PBXSourcesBuildPhase;
			buildActionMask = 2147483647;
			files = (
				B5CCE9D12BC94DBD005CC2D2 /* DeviceTests.swift in Sources */,
			);
			runOnlyForDeploymentPostprocessing = 0;
		};
		B5DD79C92BC94C8A00457681 /* Sources */ = {
			isa = PBXSourcesBuildPhase;
			buildActionMask = 2147483647;
			files = (
				B5CCE9D02BC94DB6005CC2D2 /* DeviceUITests.swift in Sources */,
			);
			runOnlyForDeploymentPostprocessing = 0;
		};
		B5F033FB2BABA93500CA6396 /* Sources */ = {
			isa = PBXSourcesBuildPhase;
			buildActionMask = 2147483647;
			files = (
				B539FAA92DBDDDD60017BE25 /* Diffable.swift in Sources */,
				B58B7EAD2E74900E00327E78 /* MacLookupConversion.swift in Sources */,
				B58B62B72C23ECF00046E91C /* DeviceTestView.swift in Sources */,
				B5F034122BABB4AC00CA6396 /* DeviceTestApp.swift in Sources */,
				B539FA8A2DBD83060017BE25 /* AppleDeviceConversion.swift in Sources */,
				B539FA9D2DBD836D0017BE25 /* Definable.swift in Sources */,
				B539FA9E2DBD836D0017BE25 /* DiffView.swift in Sources */,
				B539FA8B2DBD83060017BE25 /* IdentifyModelParsing.swift in Sources */,
				B576090C2E7CE43F00216336 /* ThreeWayDiffView.swift in Sources */,
				B539FAB02DBDF9580017BE25 /* DeviceBridge.swift in Sources */,
				B539FA8C2DBD83060017BE25 /* DeviceKitConversion.swift in Sources */,
				B539FABE2DC13D650017BE25 /* MobileDeviceConversion.swift in Sources */,
				B539FAA32DBD8A550017BE25 /* DeviceDefinable.swift in Sources */,
				B539FAB62DBEA10C0017BE25 /* MigrationViews.swift in Sources */,
			);
			runOnlyForDeploymentPostprocessing = 0;
		};
/* End PBXSourcesBuildPhase section */

/* Begin PBXTargetDependency section */
		B5DD79C52BC94C8A00457681 /* PBXTargetDependency */ = {
			isa = PBXTargetDependency;
			target = B5DD79B22BC94C8800457681 /* Device Info */;
			targetProxy = B5DD79C42BC94C8A00457681 /* PBXContainerItemProxy */;
		};
		B5DD79CF2BC94C8A00457681 /* PBXTargetDependency */ = {
			isa = PBXTargetDependency;
			target = B5DD79B22BC94C8800457681 /* Device Info */;
			targetProxy = B5DD79CE2BC94C8A00457681 /* PBXContainerItemProxy */;
		};
/* End PBXTargetDependency section */

/* Begin XCBuildConfiguration section */
		B5C1B6292BAB7999001D5CFA /* Debug */ = {
			isa = XCBuildConfiguration;
			buildSettings = {
				ALWAYS_SEARCH_USER_PATHS = NO;
				ASSETCATALOG_COMPILER_GENERATE_SWIFT_ASSET_SYMBOL_EXTENSIONS = YES;
				CLANG_ANALYZER_NONNULL = YES;
				CLANG_ANALYZER_NUMBER_OBJECT_CONVERSION = YES_AGGRESSIVE;
				CLANG_CXX_LANGUAGE_STANDARD = "gnu++20";
				CLANG_ENABLE_MODULES = YES;
				CLANG_ENABLE_OBJC_ARC = YES;
				CLANG_ENABLE_OBJC_WEAK = YES;
				CLANG_WARN_BLOCK_CAPTURE_AUTORELEASING = YES;
				CLANG_WARN_BOOL_CONVERSION = YES;
				CLANG_WARN_COMMA = YES;
				CLANG_WARN_CONSTANT_CONVERSION = YES;
				CLANG_WARN_DEPRECATED_OBJC_IMPLEMENTATIONS = YES;
				CLANG_WARN_DIRECT_OBJC_ISA_USAGE = YES_ERROR;
				CLANG_WARN_DOCUMENTATION_COMMENTS = YES;
				CLANG_WARN_EMPTY_BODY = YES;
				CLANG_WARN_ENUM_CONVERSION = YES;
				CLANG_WARN_INFINITE_RECURSION = YES;
				CLANG_WARN_INT_CONVERSION = YES;
				CLANG_WARN_NON_LITERAL_NULL_CONVERSION = YES;
				CLANG_WARN_OBJC_IMPLICIT_RETAIN_SELF = YES;
				CLANG_WARN_OBJC_LITERAL_CONVERSION = YES;
				CLANG_WARN_OBJC_ROOT_CLASS = YES_ERROR;
				CLANG_WARN_QUOTED_INCLUDE_IN_FRAMEWORK_HEADER = YES;
				CLANG_WARN_RANGE_LOOP_ANALYSIS = YES;
				CLANG_WARN_STRICT_PROTOTYPES = YES;
				CLANG_WARN_SUSPICIOUS_MOVE = YES;
				CLANG_WARN_UNGUARDED_AVAILABILITY = YES_AGGRESSIVE;
				CLANG_WARN_UNREACHABLE_CODE = YES;
				CLANG_WARN__DUPLICATE_METHOD_MATCH = YES;
				COPY_PHASE_STRIP = NO;
				CURRENT_PROJECT_VERSION = "${MARKETING_VERSION}";
				DEBUG_INFORMATION_FORMAT = dwarf;
				DEVELOPMENT_TEAM = 3QPV894C33;
				ENABLE_STRICT_OBJC_MSGSEND = YES;
				ENABLE_TESTABILITY = YES;
				ENABLE_USER_SCRIPT_SANDBOXING = YES;
				GCC_C_LANGUAGE_STANDARD = gnu17;
				GCC_DYNAMIC_NO_PIC = NO;
				GCC_NO_COMMON_BLOCKS = YES;
				GCC_OPTIMIZATION_LEVEL = 0;
				GCC_PREPROCESSOR_DEFINITIONS = (
					"DEBUG=1",
					"$(inherited)",
				);
				GCC_WARN_64_TO_32_BIT_CONVERSION = YES;
				GCC_WARN_ABOUT_RETURN_TYPE = YES_ERROR;
				GCC_WARN_UNDECLARED_SELECTOR = YES;
				GCC_WARN_UNINITIALIZED_AUTOS = YES_AGGRESSIVE;
				GCC_WARN_UNUSED_FUNCTION = YES;
				GCC_WARN_UNUSED_VARIABLE = YES;
				IPHONEOS_DEPLOYMENT_TARGET = 15.0;
				LOCALIZATION_PREFERS_STRING_CATALOGS = YES;
				MACOSX_DEPLOYMENT_TARGET = 12.0;
				MARKETING_VERSION = 2.10.15;
				MTL_ENABLE_DEBUG_INFO = INCLUDE_SOURCE;
				MTL_FAST_MATH = YES;
				ONLY_ACTIVE_ARCH = YES;
				SDKROOT = iphoneos;
				STRING_CATALOG_GENERATE_SYMBOLS = YES;
				SWIFT_ACTIVE_COMPILATION_CONDITIONS = "DEBUG $(inherited)";
				SWIFT_OPTIMIZATION_LEVEL = "-Onone";
				SWIFT_STRICT_CONCURRENCY = complete;
				TVOS_DEPLOYMENT_TARGET = 17.0;
				WATCHOS_DEPLOYMENT_TARGET = 8.0;
				XROS_DEPLOYMENT_TARGET = 1.0;
			};
			name = Debug;
		};
		B5C1B62A2BAB7999001D5CFA /* Release */ = {
			isa = XCBuildConfiguration;
			buildSettings = {
				ALWAYS_SEARCH_USER_PATHS = NO;
				ASSETCATALOG_COMPILER_GENERATE_SWIFT_ASSET_SYMBOL_EXTENSIONS = YES;
				CLANG_ANALYZER_NONNULL = YES;
				CLANG_ANALYZER_NUMBER_OBJECT_CONVERSION = YES_AGGRESSIVE;
				CLANG_CXX_LANGUAGE_STANDARD = "gnu++20";
				CLANG_ENABLE_MODULES = YES;
				CLANG_ENABLE_OBJC_ARC = YES;
				CLANG_ENABLE_OBJC_WEAK = YES;
				CLANG_WARN_BLOCK_CAPTURE_AUTORELEASING = YES;
				CLANG_WARN_BOOL_CONVERSION = YES;
				CLANG_WARN_COMMA = YES;
				CLANG_WARN_CONSTANT_CONVERSION = YES;
				CLANG_WARN_DEPRECATED_OBJC_IMPLEMENTATIONS = YES;
				CLANG_WARN_DIRECT_OBJC_ISA_USAGE = YES_ERROR;
				CLANG_WARN_DOCUMENTATION_COMMENTS = YES;
				CLANG_WARN_EMPTY_BODY = YES;
				CLANG_WARN_ENUM_CONVERSION = YES;
				CLANG_WARN_INFINITE_RECURSION = YES;
				CLANG_WARN_INT_CONVERSION = YES;
				CLANG_WARN_NON_LITERAL_NULL_CONVERSION = YES;
				CLANG_WARN_OBJC_IMPLICIT_RETAIN_SELF = YES;
				CLANG_WARN_OBJC_LITERAL_CONVERSION = YES;
				CLANG_WARN_OBJC_ROOT_CLASS = YES_ERROR;
				CLANG_WARN_QUOTED_INCLUDE_IN_FRAMEWORK_HEADER = YES;
				CLANG_WARN_RANGE_LOOP_ANALYSIS = YES;
				CLANG_WARN_STRICT_PROTOTYPES = YES;
				CLANG_WARN_SUSPICIOUS_MOVE = YES;
				CLANG_WARN_UNGUARDED_AVAILABILITY = YES_AGGRESSIVE;
				CLANG_WARN_UNREACHABLE_CODE = YES;
				CLANG_WARN__DUPLICATE_METHOD_MATCH = YES;
				COPY_PHASE_STRIP = NO;
				CURRENT_PROJECT_VERSION = "${MARKETING_VERSION}";
				DEBUG_INFORMATION_FORMAT = "dwarf-with-dsym";
				DEVELOPMENT_TEAM = 3QPV894C33;
				ENABLE_STRICT_OBJC_MSGSEND = YES;
				ENABLE_USER_SCRIPT_SANDBOXING = YES;
				GCC_C_LANGUAGE_STANDARD = gnu17;
				GCC_NO_COMMON_BLOCKS = YES;
				GCC_PREPROCESSOR_DEFINITIONS = "$(inherited)";
				GCC_WARN_64_TO_32_BIT_CONVERSION = YES;
				GCC_WARN_ABOUT_RETURN_TYPE = YES_ERROR;
				GCC_WARN_UNDECLARED_SELECTOR = YES;
				GCC_WARN_UNINITIALIZED_AUTOS = YES_AGGRESSIVE;
				GCC_WARN_UNUSED_FUNCTION = YES;
				GCC_WARN_UNUSED_VARIABLE = YES;
				IPHONEOS_DEPLOYMENT_TARGET = 15.0;
				LOCALIZATION_PREFERS_STRING_CATALOGS = YES;
				MACOSX_DEPLOYMENT_TARGET = 12.0;
				MARKETING_VERSION = 2.10.15;
				MTL_ENABLE_DEBUG_INFO = NO;
				MTL_FAST_MATH = YES;
				SDKROOT = iphoneos;
				STRING_CATALOG_GENERATE_SYMBOLS = YES;
				SWIFT_ACTIVE_COMPILATION_CONDITIONS = "$(inherited)";
				SWIFT_COMPILATION_MODE = wholemodule;
				SWIFT_STRICT_CONCURRENCY = complete;
				TVOS_DEPLOYMENT_TARGET = 17.0;
				VALIDATE_PRODUCT = YES;
				WATCHOS_DEPLOYMENT_TARGET = 8.0;
				XROS_DEPLOYMENT_TARGET = 1.0;
			};
			name = Release;
		};
		B5DD79D62BC94C8A00457681 /* Debug */ = {
			isa = XCBuildConfiguration;
			buildSettings = {
				ASSETCATALOG_COMPILER_APPICON_NAME = AppIcon;
				ASSETCATALOG_COMPILER_GLOBAL_ACCENT_COLOR_NAME = AccentColor;
				CODE_SIGN_ENTITLEMENTS = Resources/DeviceTest.entitlements;
				CODE_SIGN_STYLE = Automatic;
				DEAD_CODE_STRIPPING = YES;
				ENABLE_APP_SANDBOX = YES;
				ENABLE_HARDENED_RUNTIME = YES;
				ENABLE_OUTGOING_NETWORK_CONNECTIONS = YES;
				ENABLE_PREVIEWS = YES;
				GENERATE_INFOPLIST_FILE = YES;
				INFOPLIST_FILE = "DeviceTest-Info.plist";
				INFOPLIST_KEY_LSApplicationCategoryType = "public.app-category.developer-tools";
				"INFOPLIST_KEY_UIApplicationSceneManifest_Generation[sdk=iphoneos*]" = YES;
				"INFOPLIST_KEY_UIApplicationSceneManifest_Generation[sdk=iphonesimulator*]" = YES;
				"INFOPLIST_KEY_UIApplicationSupportsIndirectInputEvents[sdk=iphoneos*]" = YES;
				"INFOPLIST_KEY_UIApplicationSupportsIndirectInputEvents[sdk=iphonesimulator*]" = YES;
				"INFOPLIST_KEY_UILaunchScreen_Generation[sdk=iphoneos*]" = YES;
				"INFOPLIST_KEY_UILaunchScreen_Generation[sdk=iphonesimulator*]" = YES;
				"INFOPLIST_KEY_UIStatusBarStyle[sdk=iphoneos*]" = UIStatusBarStyleDefault;
				"INFOPLIST_KEY_UIStatusBarStyle[sdk=iphonesimulator*]" = UIStatusBarStyleDefault;
				INFOPLIST_KEY_UISupportedInterfaceOrientations_iPad = "UIInterfaceOrientationPortrait UIInterfaceOrientationPortraitUpsideDown UIInterfaceOrientationLandscapeLeft UIInterfaceOrientationLandscapeRight";
				INFOPLIST_KEY_UISupportedInterfaceOrientations_iPhone = "UIInterfaceOrientationPortrait UIInterfaceOrientationLandscapeLeft UIInterfaceOrientationLandscapeRight";
				LD_RUNPATH_SEARCH_PATHS = "@executable_path/Frameworks";
				"LD_RUNPATH_SEARCH_PATHS[sdk=macosx*]" = "@executable_path/../Frameworks";
				PRODUCT_BUNDLE_IDENTIFIER = com.kudit.DeviceTest;
				PRODUCT_NAME = "$(TARGET_NAME)";
				SDKROOT = auto;
				SUPPORTED_PLATFORMS = "appletvos appletvsimulator iphoneos iphonesimulator macosx xros xrsimulator";
				SUPPORTS_MACCATALYST = YES;
				SUPPORTS_MAC_DESIGNED_FOR_IPHONE_IPAD = YES;
				SUPPORTS_XR_DESIGNED_FOR_IPHONE_IPAD = YES;
				SWIFT_EMIT_LOC_STRINGS = YES;
				SWIFT_VERSION = 5.0;
				TARGETED_DEVICE_FAMILY = "1,2,3,7";
			};
			name = Debug;
		};
		B5DD79D72BC94C8A00457681 /* Release */ = {
			isa = XCBuildConfiguration;
			buildSettings = {
				ASSETCATALOG_COMPILER_APPICON_NAME = AppIcon;
				ASSETCATALOG_COMPILER_GLOBAL_ACCENT_COLOR_NAME = AccentColor;
				CODE_SIGN_ENTITLEMENTS = Resources/DeviceTest.entitlements;
				CODE_SIGN_STYLE = Automatic;
				DEAD_CODE_STRIPPING = YES;
				ENABLE_APP_SANDBOX = YES;
				ENABLE_HARDENED_RUNTIME = YES;
				ENABLE_OUTGOING_NETWORK_CONNECTIONS = YES;
				ENABLE_PREVIEWS = YES;
				GENERATE_INFOPLIST_FILE = YES;
				INFOPLIST_FILE = "DeviceTest-Info.plist";
				INFOPLIST_KEY_LSApplicationCategoryType = "public.app-category.developer-tools";
				"INFOPLIST_KEY_UIApplicationSceneManifest_Generation[sdk=iphoneos*]" = YES;
				"INFOPLIST_KEY_UIApplicationSceneManifest_Generation[sdk=iphonesimulator*]" = YES;
				"INFOPLIST_KEY_UIApplicationSupportsIndirectInputEvents[sdk=iphoneos*]" = YES;
				"INFOPLIST_KEY_UIApplicationSupportsIndirectInputEvents[sdk=iphonesimulator*]" = YES;
				"INFOPLIST_KEY_UILaunchScreen_Generation[sdk=iphoneos*]" = YES;
				"INFOPLIST_KEY_UILaunchScreen_Generation[sdk=iphonesimulator*]" = YES;
				"INFOPLIST_KEY_UIStatusBarStyle[sdk=iphoneos*]" = UIStatusBarStyleDefault;
				"INFOPLIST_KEY_UIStatusBarStyle[sdk=iphonesimulator*]" = UIStatusBarStyleDefault;
				INFOPLIST_KEY_UISupportedInterfaceOrientations_iPad = "UIInterfaceOrientationPortrait UIInterfaceOrientationPortraitUpsideDown UIInterfaceOrientationLandscapeLeft UIInterfaceOrientationLandscapeRight";
				INFOPLIST_KEY_UISupportedInterfaceOrientations_iPhone = "UIInterfaceOrientationPortrait UIInterfaceOrientationLandscapeLeft UIInterfaceOrientationLandscapeRight";
				LD_RUNPATH_SEARCH_PATHS = "@executable_path/Frameworks";
				"LD_RUNPATH_SEARCH_PATHS[sdk=macosx*]" = "@executable_path/../Frameworks";
				PRODUCT_BUNDLE_IDENTIFIER = com.kudit.DeviceTest;
				PRODUCT_NAME = "$(TARGET_NAME)";
				SDKROOT = auto;
				SUPPORTED_PLATFORMS = "appletvos appletvsimulator iphoneos iphonesimulator macosx xros xrsimulator";
				SUPPORTS_MACCATALYST = YES;
				SUPPORTS_MAC_DESIGNED_FOR_IPHONE_IPAD = YES;
				SUPPORTS_XR_DESIGNED_FOR_IPHONE_IPAD = YES;
				SWIFT_EMIT_LOC_STRINGS = YES;
				SWIFT_VERSION = 5.0;
				TARGETED_DEVICE_FAMILY = "1,2,3,7";
			};
			name = Release;
		};
		B5DD79D92BC94C8A00457681 /* Debug */ = {
			isa = XCBuildConfiguration;
			buildSettings = {
				BUNDLE_LOADER = "$(TEST_HOST)";
				CODE_SIGN_STYLE = Automatic;
				CURRENT_PROJECT_VERSION = 1;
				DEAD_CODE_STRIPPING = YES;
				GENERATE_INFOPLIST_FILE = YES;
				IPHONEOS_DEPLOYMENT_TARGET = 17.4;
				MACOSX_DEPLOYMENT_TARGET = 14.4;
				PRODUCT_BUNDLE_IDENTIFIER = com.kudit.DeviceTestTests;
				PRODUCT_NAME = "$(TARGET_NAME)";
				SDKROOT = auto;
				SUPPORTED_PLATFORMS = "iphoneos iphonesimulator macosx";
				SWIFT_EMIT_LOC_STRINGS = NO;
				SWIFT_VERSION = 5.0;
				TARGETED_DEVICE_FAMILY = "1,2";
				TEST_HOST = "$(BUILT_PRODUCTS_DIR)/DeviceTest.app/$(BUNDLE_EXECUTABLE_FOLDER_PATH)/DeviceTest";
			};
			name = Debug;
		};
		B5DD79DA2BC94C8A00457681 /* Release */ = {
			isa = XCBuildConfiguration;
			buildSettings = {
				BUNDLE_LOADER = "$(TEST_HOST)";
				CODE_SIGN_STYLE = Automatic;
				CURRENT_PROJECT_VERSION = 1;
				DEAD_CODE_STRIPPING = YES;
				GENERATE_INFOPLIST_FILE = YES;
				IPHONEOS_DEPLOYMENT_TARGET = 17.4;
				MACOSX_DEPLOYMENT_TARGET = 14.4;
				PRODUCT_BUNDLE_IDENTIFIER = com.kudit.DeviceTestTests;
				PRODUCT_NAME = "$(TARGET_NAME)";
				SDKROOT = auto;
				SUPPORTED_PLATFORMS = "iphoneos iphonesimulator macosx";
				SWIFT_EMIT_LOC_STRINGS = NO;
				SWIFT_VERSION = 5.0;
				TARGETED_DEVICE_FAMILY = "1,2";
				TEST_HOST = "$(BUILT_PRODUCTS_DIR)/DeviceTest.app/$(BUNDLE_EXECUTABLE_FOLDER_PATH)/DeviceTest";
			};
			name = Release;
		};
		B5DD79DC2BC94C8A00457681 /* Debug */ = {
			isa = XCBuildConfiguration;
			buildSettings = {
				CLANG_ENABLE_MODULES = YES;
				CODE_SIGN_STYLE = Automatic;
				CURRENT_PROJECT_VERSION = 1;
				DEAD_CODE_STRIPPING = YES;
				GENERATE_INFOPLIST_FILE = YES;
				IPHONEOS_DEPLOYMENT_TARGET = 17.4;
				MACOSX_DEPLOYMENT_TARGET = 14.4;
				PRODUCT_BUNDLE_IDENTIFIER = com.kudit.DeviceTestUITests;
				PRODUCT_NAME = "$(TARGET_NAME)";
				SDKROOT = auto;
				SUPPORTED_PLATFORMS = "iphoneos iphonesimulator macosx";
				SWIFT_EMIT_LOC_STRINGS = NO;
				SWIFT_OPTIMIZATION_LEVEL = "-Onone";
				SWIFT_VERSION = 5.0;
				TARGETED_DEVICE_FAMILY = "1,2";
				TEST_TARGET_NAME = DeviceTest;
			};
			name = Debug;
		};
		B5DD79DD2BC94C8A00457681 /* Release */ = {
			isa = XCBuildConfiguration;
			buildSettings = {
				CLANG_ENABLE_MODULES = YES;
				CODE_SIGN_STYLE = Automatic;
				CURRENT_PROJECT_VERSION = 1;
				DEAD_CODE_STRIPPING = YES;
				GENERATE_INFOPLIST_FILE = YES;
				IPHONEOS_DEPLOYMENT_TARGET = 17.4;
				MACOSX_DEPLOYMENT_TARGET = 14.4;
				PRODUCT_BUNDLE_IDENTIFIER = com.kudit.DeviceTestUITests;
				PRODUCT_NAME = "$(TARGET_NAME)";
				SDKROOT = auto;
				SUPPORTED_PLATFORMS = "iphoneos iphonesimulator macosx";
				SWIFT_EMIT_LOC_STRINGS = NO;
				SWIFT_VERSION = 5.0;
				TARGETED_DEVICE_FAMILY = "1,2";
				TEST_TARGET_NAME = DeviceTest;
			};
			name = Release;
		};
		B5F0340E2BABA93700CA6396 /* Debug */ = {
			isa = XCBuildConfiguration;
			buildSettings = {
				ASSETCATALOG_COMPILER_APPICON_NAME = AppIconWatch;
				ASSETCATALOG_COMPILER_GLOBAL_ACCENT_COLOR_NAME = AccentColor;
				ASSETCATALOG_COMPILER_INCLUDE_ALL_APPICON_ASSETS = NO;
				CODE_SIGN_STYLE = Automatic;
				CURRENT_PROJECT_VERSION = 1;
				ENABLE_PREVIEWS = YES;
				GENERATE_INFOPLIST_FILE = YES;
				INFOPLIST_KEY_CFBundleDisplayName = DeviceWatchTest;
				INFOPLIST_KEY_LSApplicationCategoryType = "public.app-category.developer-tools";
				INFOPLIST_KEY_UISupportedInterfaceOrientations = "UIInterfaceOrientationPortrait UIInterfaceOrientationPortraitUpsideDown";
				INFOPLIST_KEY_WKCompanionAppBundleIdentifier = com.kudit.DeviceTest;
				INFOPLIST_KEY_WKRunsIndependentlyOfCompanionApp = NO;
				LD_RUNPATH_SEARCH_PATHS = (
					"$(inherited)",
					"@executable_path/Frameworks",
				);
				PRODUCT_BUNDLE_IDENTIFIER = com.kudit.DeviceTest.watchkitapp;
				PRODUCT_NAME = "$(TARGET_NAME)";
				SDKROOT = watchos;
				SKIP_INSTALL = YES;
				SWIFT_EMIT_LOC_STRINGS = YES;
				SWIFT_VERSION = 5.0;
				TARGETED_DEVICE_FAMILY = 4;
			};
			name = Debug;
		};
		B5F0340F2BABA93700CA6396 /* Release */ = {
			isa = XCBuildConfiguration;
			buildSettings = {
				ASSETCATALOG_COMPILER_APPICON_NAME = AppIconWatch;
				ASSETCATALOG_COMPILER_GLOBAL_ACCENT_COLOR_NAME = AccentColor;
				ASSETCATALOG_COMPILER_INCLUDE_ALL_APPICON_ASSETS = NO;
				CODE_SIGN_STYLE = Automatic;
				CURRENT_PROJECT_VERSION = 1;
				ENABLE_PREVIEWS = YES;
				GENERATE_INFOPLIST_FILE = YES;
				INFOPLIST_KEY_CFBundleDisplayName = DeviceWatchTest;
				INFOPLIST_KEY_LSApplicationCategoryType = "public.app-category.developer-tools";
				INFOPLIST_KEY_UISupportedInterfaceOrientations = "UIInterfaceOrientationPortrait UIInterfaceOrientationPortraitUpsideDown";
				INFOPLIST_KEY_WKCompanionAppBundleIdentifier = com.kudit.DeviceTest;
				INFOPLIST_KEY_WKRunsIndependentlyOfCompanionApp = NO;
				LD_RUNPATH_SEARCH_PATHS = (
					"$(inherited)",
					"@executable_path/Frameworks",
				);
				PRODUCT_BUNDLE_IDENTIFIER = com.kudit.DeviceTest.watchkitapp;
				PRODUCT_NAME = "$(TARGET_NAME)";
				SDKROOT = watchos;
				SKIP_INSTALL = YES;
				SWIFT_EMIT_LOC_STRINGS = YES;
				SWIFT_VERSION = 5.0;
				TARGETED_DEVICE_FAMILY = 4;
			};
			name = Release;
		};
/* End XCBuildConfiguration section */

/* Begin XCConfigurationList section */
		B5C1B6182BAB7997001D5CFA /* Build configuration list for PBXProject "Device" */ = {
			isa = XCConfigurationList;
			buildConfigurations = (
				B5C1B6292BAB7999001D5CFA /* Debug */,
				B5C1B62A2BAB7999001D5CFA /* Release */,
			);
			defaultConfigurationIsVisible = 0;
			defaultConfigurationName = Release;
		};
		B5DD79D52BC94C8A00457681 /* Build configuration list for PBXNativeTarget "Device Info" */ = {
			isa = XCConfigurationList;
			buildConfigurations = (
				B5DD79D62BC94C8A00457681 /* Debug */,
				B5DD79D72BC94C8A00457681 /* Release */,
			);
			defaultConfigurationIsVisible = 0;
			defaultConfigurationName = Release;
		};
		B5DD79D82BC94C8A00457681 /* Build configuration list for PBXNativeTarget "DeviceTests" */ = {
			isa = XCConfigurationList;
			buildConfigurations = (
				B5DD79D92BC94C8A00457681 /* Debug */,
				B5DD79DA2BC94C8A00457681 /* Release */,
			);
			defaultConfigurationIsVisible = 0;
			defaultConfigurationName = Release;
		};
		B5DD79DB2BC94C8A00457681 /* Build configuration list for PBXNativeTarget "DeviceUITests" */ = {
			isa = XCConfigurationList;
			buildConfigurations = (
				B5DD79DC2BC94C8A00457681 /* Debug */,
				B5DD79DD2BC94C8A00457681 /* Release */,
			);
			defaultConfigurationIsVisible = 0;
			defaultConfigurationName = Release;
		};
		B5F034102BABA93700CA6396 /* Build configuration list for PBXNativeTarget "DeviceTest Watch App" */ = {
			isa = XCConfigurationList;
			buildConfigurations = (
				B5F0340E2BABA93700CA6396 /* Debug */,
				B5F0340F2BABA93700CA6396 /* Release */,
			);
			defaultConfigurationIsVisible = 0;
			defaultConfigurationName = Release;
		};
/* End XCConfigurationList section */

/* Begin XCSwiftPackageProductDependency section */
		B58B62B42C23ECB40046E91C /* Device Library */ = {
			isa = XCSwiftPackageProductDependency;
			productName = "Device Library";
		};
		B5B1A2292C23EF14002C848D /* Device Library */ = {
			isa = XCSwiftPackageProductDependency;
			productName = "Device Library";
		};
/* End XCSwiftPackageProductDependency section */
	};
	rootObject = B5C1B6152BAB7997001D5CFA /* Project object */;
}
