{
  "pins" : [
    {
      "identity" : "color",
      "kind" : "remoteSourceControl",
      "location" : "https://github.com/kudit/Color.git",
      "state" : {
        "revision" : "c423477053eaa772effeedf2a9c83af70e03fe27",
        "version" : "1.5.4"
      }
    },
    {
      "identity" : "compatibility",
      "kind" : "remoteSourceControl",
      "location" : "https://github.com/kudit/Compatibility.git",
      "state" : {
        "revision" : "df1aaf56f008b29c7f98567aab0899fa59c0961f",
        "version" : "1.19.9"
      }
    }
  ],
  "version" : 2
}
