{
  "pins" : [
    {
      "identity" : "color",
      "kind" : "remoteSourceControl",
      "location" : "https://github.com/kudit/Color",
      "state" : {
        "revision" : "c9cd25bc8ab1da411dd7df74ceed8d36ff5bba1b",
        "version" : "1.3.21"
      }
    },
    {
      "identity" : "compatibility",
      "kind" : "remoteSourceControl",
      "location" : "https://github.com/kudit/Compatibility",
      "state" : {
        "revision" : "5175f428d7a08b5313b8a1ddfaac915175c8d1da",
        "version" : "1.11.30"
      }
    }
  ],
  "version" : 2
}
