{
  "pins" : [
    {
      "identity" : "color",
      "kind" : "remoteSourceControl",
      "location" : "https://github.com/kudit/Color.git",
      "state" : {
        "revision" : "ad973b7507f820b8e5d65b5b1e145221c945b2c7",
        "version" : "1.5.2"
      }
    },
    {
      "identity" : "compatibility",
      "kind" : "remoteSourceControl",
      "location" : "https://github.com/kudit/Compatibility.git",
      "state" : {
        "revision" : "ee679a45d028aed18b46e3532522d806fd7ecf3a",
        "version" : "1.19.3"
      }
    }
  ],
  "version" : 2
}
